
Microsoft Visual Studio Solution File, Format Version 12.00
# Visual Studio 15
VisualStudioVersion = 15.0.28307.705
MinimumVisualStudioVersion = 10.0.40219.1
Project("{9A19103F-16F7-4668-BE54-9A1E7A4F7556}") = "Unity.Ipc", "src\com.unity.ipc\Unity.Ipc\Unity.Ipc.csproj", "{EA87DC94-8F04-4FA4-A4E6-D69A41684072}"
EndProject
Project("{2150E333-8FDC-42A3-9474-1A3956D46DE8}") = "Samples", "Samples", "{14F0EEE3-77C9-429D-80C7-C3ABCF75321D}"
EndProject
Project("{9A19103F-16F7-4668-BE54-9A1E7A4F7556}") = "ServerCLI", "Samples\SimpleServerClient\ServerCLI\ServerCLI.csproj", "{22569DBD-4013-4438-BBF0-CBD39144F76F}"
EndProject
Project("{9A19103F-16F7-4668-BE54-9A1E7A4F7556}") = "JobClient", "Samples\JobSystem\JobClient\JobClient.csproj", "{453570FA-13FA-41F8-880D-96900CBE7192}"
EndProject
Project("{2150E333-8FDC-42A3-9474-1A3956D46DE8}") = "JobSystem", "JobSystem", "{ACBEB707-E73E-4510-821A-94F0D23B6A63}"
EndProject
Project("{9A19103F-16F7-4668-BE54-9A1E7A4F7556}") = "JobServer", "Samples\JobSystem\JobServer\JobServer.csproj", "{D9D1291E-33B0-4AB9-AFE7-92C2C5CD1E04}"
EndProject
Project("{9A19103F-16F7-4668-BE54-9A1E7A4F7556}") = "BasicJob", "Samples\JobSystem\BasicJob\BasicJob.csproj", "{450903DB-6110-416A-B757-C2AF508573FE}"
EndProject
Project("{9A19103F-16F7-4668-BE54-9A1E7A4F7556}") = "ClientServerJobSample", "Samples\JobSystem\ClientServerJobSample\ClientServerJobSample.csproj", "{6B6CD468-E0CE-46CC-B5C1-9E48B319BE60}"
EndProject
Project("{9A19103F-16F7-4668-BE54-9A1E7A4F7556}") = "ClientCLI", "Samples\SimpleServerClient\ClientCLI\ClientCLI.csproj", "{309A64BD-84FA-4209-BB89-265AE6291EA4}"
EndProject
Project("{9A19103F-16F7-4668-BE54-9A1E7A4F7556}") = "JobBase", "Samples\JobSystem\JobBase\JobBase.csproj", "{B8704154-EDB7-448E-9844-A4CB45C02548}"
EndProject
Project("{2150E333-8FDC-42A3-9474-1A3956D46DE8}") = "SimpleClientServer", "SimpleClientServer", "{83F89951-E7C2-4494-BD7C-5D3A033376F8}"
EndProject
Project("{2150E333-8FDC-42A3-9474-1A3956D46DE8}") = "Tests", "Tests", "{056DA3E8-6B62-44F2-8301-781FC873C3B5}"
EndProject
Project("{9A19103F-16F7-4668-BE54-9A1E7A4F7556}") = "Unity.Ipc.Tests", "tests\Unity.Ipc.Tests\Unity.Ipc.Tests.csproj", "{59425F12-B0F8-4F9D-9AC1-39446BBDB274}"
EndProject
Project("{9A19103F-16F7-4668-BE54-9A1E7A4F7556}") = "Interfaces", "Samples\SimpleServerClient\Interfaces\Interfaces.csproj", "{BA1AB829-F637-4ABA-AB4C-2FB47C58ADED}"
EndProject
Project("{9A19103F-16F7-4668-BE54-9A1E7A4F7556}") = "MyServer", "Samples\SimpleServerClient\MyServer\MyServer.csproj", "{72E591EF-4303-4797-A36B-718753BDFD28}"
EndProject
Project("{9A19103F-16F7-4668-BE54-9A1E7A4F7556}") = "MyClient", "Samples\SimpleServerClient\MyClient\MyClient.csproj", "{E0BE64FC-73D3-4030-9401-D289DE7184F8}"
EndProject
Project("{9A19103F-16F7-4668-BE54-9A1E7A4F7556}") = "Unity.Ipc.Hosted", "src\Unity.Ipc.Hosted\Unity.Ipc.Hosted.csproj", "{C4F46B8C-F0FB-41AE-BB8C-5CB8D874259A}"
EndProject
Project("{9A19103F-16F7-4668-BE54-9A1E7A4F7556}") = "Unity.Ipc.Hosted.Client", "src\Unity.Ipc.Hosted.Client\Unity.Ipc.Hosted.Client.csproj", "{6558A3BD-117F-48B5-9357-F796FFE059C4}"
EndProject
Project("{9A19103F-16F7-4668-BE54-9A1E7A4F7556}") = "Unity.Ipc.Hosted.Server", "src\Unity.Ipc.Hosted.Server\Unity.Ipc.Hosted.Server.csproj", "{B682431F-8DE3-45CC-A8E0-2DEF1EB65F2C}"
EndProject
Global
	GlobalSection(SolutionConfigurationPlatforms) = preSolution
		Debug|Any CPU = Debug|Any CPU
		Release|Any CPU = Release|Any CPU
	EndGlobalSection
	GlobalSection(ProjectConfigurationPlatforms) = postSolution
		{EA87DC94-8F04-4FA4-A4E6-D69A41684072}.Debug|Any CPU.ActiveCfg = Debug|Any CPU
		{EA87DC94-8F04-4FA4-A4E6-D69A41684072}.Debug|Any CPU.Build.0 = Debug|Any CPU
		{EA87DC94-8F04-4FA4-A4E6-D69A41684072}.Release|Any CPU.ActiveCfg = Release|Any CPU
		{EA87DC94-8F04-4FA4-A4E6-D69A41684072}.Release|Any CPU.Build.0 = Release|Any CPU
		{22569DBD-4013-4438-BBF0-CBD39144F76F}.Debug|Any CPU.ActiveCfg = Debug|Any CPU
		{22569DBD-4013-4438-BBF0-CBD39144F76F}.Debug|Any CPU.Build.0 = Debug|Any CPU
		{22569DBD-4013-4438-BBF0-CBD39144F76F}.Release|Any CPU.ActiveCfg = Release|Any CPU
		{22569DBD-4013-4438-BBF0-CBD39144F76F}.Release|Any CPU.Build.0 = Release|Any CPU
		{453570FA-13FA-41F8-880D-96900CBE7192}.Debug|Any CPU.ActiveCfg = Debug|Any CPU
		{453570FA-13FA-41F8-880D-96900CBE7192}.Debug|Any CPU.Build.0 = Debug|Any CPU
		{453570FA-13FA-41F8-880D-96900CBE7192}.Release|Any CPU.ActiveCfg = Release|Any CPU
		{453570FA-13FA-41F8-880D-96900CBE7192}.Release|Any CPU.Build.0 = Release|Any CPU
		{D9D1291E-33B0-4AB9-AFE7-92C2C5CD1E04}.Debug|Any CPU.ActiveCfg = Debug|Any CPU
		{D9D1291E-33B0-4AB9-AFE7-92C2C5CD1E04}.Debug|Any CPU.Build.0 = Debug|Any CPU
		{D9D1291E-33B0-4AB9-AFE7-92C2C5CD1E04}.Release|Any CPU.ActiveCfg = Release|Any CPU
		{D9D1291E-33B0-4AB9-AFE7-92C2C5CD1E04}.Release|Any CPU.Build.0 = Release|Any CPU
		{450903DB-6110-416A-B757-C2AF508573FE}.Debug|Any CPU.ActiveCfg = Debug|Any CPU
		{450903DB-6110-416A-B757-C2AF508573FE}.Debug|Any CPU.Build.0 = Debug|Any CPU
		{450903DB-6110-416A-B757-C2AF508573FE}.Release|Any CPU.ActiveCfg = Release|Any CPU
		{450903DB-6110-416A-B757-C2AF508573FE}.Release|Any CPU.Build.0 = Release|Any CPU
		{6B6CD468-E0CE-46CC-B5C1-9E48B319BE60}.Debug|Any CPU.ActiveCfg = Debug|Any CPU
		{6B6CD468-E0CE-46CC-B5C1-9E48B319BE60}.Debug|Any CPU.Build.0 = Debug|Any CPU
		{6B6CD468-E0CE-46CC-B5C1-9E48B319BE60}.Release|Any CPU.ActiveCfg = Release|Any CPU
		{6B6CD468-E0CE-46CC-B5C1-9E48B319BE60}.Release|Any CPU.Build.0 = Release|Any CPU
		{309A64BD-84FA-4209-BB89-265AE6291EA4}.Debug|Any CPU.ActiveCfg = Debug|Any CPU
		{309A64BD-84FA-4209-BB89-265AE6291EA4}.Debug|Any CPU.Build.0 = Debug|Any CPU
		{309A64BD-84FA-4209-BB89-265AE6291EA4}.Release|Any CPU.ActiveCfg = Release|Any CPU
		{309A64BD-84FA-4209-BB89-265AE6291EA4}.Release|Any CPU.Build.0 = Release|Any CPU
		{B8704154-EDB7-448E-9844-A4CB45C02548}.Debug|Any CPU.ActiveCfg = Debug|Any CPU
		{B8704154-EDB7-448E-9844-A4CB45C02548}.Debug|Any CPU.Build.0 = Debug|Any CPU
		{B8704154-EDB7-448E-9844-A4CB45C02548}.Release|Any CPU.ActiveCfg = Release|Any CPU
		{B8704154-EDB7-448E-9844-A4CB45C02548}.Release|Any CPU.Build.0 = Release|Any CPU
		{59425F12-B0F8-4F9D-9AC1-39446BBDB274}.Debug|Any CPU.ActiveCfg = Debug|Any CPU
		{59425F12-B0F8-4F9D-9AC1-39446BBDB274}.Debug|Any CPU.Build.0 = Debug|Any CPU
		{59425F12-B0F8-4F9D-9AC1-39446BBDB274}.Release|Any CPU.ActiveCfg = Release|Any CPU
		{59425F12-B0F8-4F9D-9AC1-39446BBDB274}.Release|Any CPU.Build.0 = Release|Any CPU
		{BA1AB829-F637-4ABA-AB4C-2FB47C58ADED}.Debug|Any CPU.ActiveCfg = Debug|Any CPU
		{BA1AB829-F637-4ABA-AB4C-2FB47C58ADED}.Debug|Any CPU.Build.0 = Debug|Any CPU
		{BA1AB829-F637-4ABA-AB4C-2FB47C58ADED}.Release|Any CPU.ActiveCfg = Release|Any CPU
		{BA1AB829-F637-4ABA-AB4C-2FB47C58ADED}.Release|Any CPU.Build.0 = Release|Any CPU
		{72E591EF-4303-4797-A36B-718753BDFD28}.Debug|Any CPU.ActiveCfg = Debug|Any CPU
		{72E591EF-4303-4797-A36B-718753BDFD28}.Debug|Any CPU.Build.0 = Debug|Any CPU
		{72E591EF-4303-4797-A36B-718753BDFD28}.Release|Any CPU.ActiveCfg = Release|Any CPU
		{72E591EF-4303-4797-A36B-718753BDFD28}.Release|Any CPU.Build.0 = Release|Any CPU
		{E0BE64FC-73D3-4030-9401-D289DE7184F8}.Debug|Any CPU.ActiveCfg = Debug|Any CPU
		{E0BE64FC-73D3-4030-9401-D289DE7184F8}.Debug|Any CPU.Build.0 = Debug|Any CPU
		{E0BE64FC-73D3-4030-9401-D289DE7184F8}.Release|Any CPU.ActiveCfg = Release|Any CPU
		{E0BE64FC-73D3-4030-9401-D289DE7184F8}.Release|Any CPU.Build.0 = Release|Any CPU
		{C4F46B8C-F0FB-41AE-BB8C-5CB8D874259A}.Debug|Any CPU.ActiveCfg = Debug|Any CPU
		{C4F46B8C-F0FB-41AE-BB8C-5CB8D874259A}.Debug|Any CPU.Build.0 = Debug|Any CPU
		{C4F46B8C-F0FB-41AE-BB8C-5CB8D874259A}.Release|Any CPU.ActiveCfg = Release|Any CPU
		{C4F46B8C-F0FB-41AE-BB8C-5CB8D874259A}.Release|Any CPU.Build.0 = Release|Any CPU
		{6558A3BD-117F-48B5-9357-F796FFE059C4}.Debug|Any CPU.ActiveCfg = Debug|Any CPU
		{6558A3BD-117F-48B5-9357-F796FFE059C4}.Debug|Any CPU.Build.0 = Debug|Any CPU
		{6558A3BD-117F-48B5-9357-F796FFE059C4}.Release|Any CPU.ActiveCfg = Release|Any CPU
		{6558A3BD-117F-48B5-9357-F796FFE059C4}.Release|Any CPU.Build.0 = Release|Any CPU
		{B682431F-8DE3-45CC-A8E0-2DEF1EB65F2C}.Debug|Any CPU.ActiveCfg = Debug|Any CPU
		{B682431F-8DE3-45CC-A8E0-2DEF1EB65F2C}.Debug|Any CPU.Build.0 = Debug|Any CPU
		{B682431F-8DE3-45CC-A8E0-2DEF1EB65F2C}.Release|Any CPU.ActiveCfg = Release|Any CPU
		{B682431F-8DE3-45CC-A8E0-2DEF1EB65F2C}.Release|Any CPU.Build.0 = Release|Any CPU
	EndGlobalSection
	GlobalSection(SolutionProperties) = preSolution
		HideSolutionNode = FALSE
	EndGlobalSection
	GlobalSection(NestedProjects) = preSolution
		{22569DBD-4013-4438-BBF0-CBD39144F76F} = {83F89951-E7C2-4494-BD7C-5D3A033376F8}
		{453570FA-13FA-41F8-880D-96900CBE7192} = {ACBEB707-E73E-4510-821A-94F0D23B6A63}
		{ACBEB707-E73E-4510-821A-94F0D23B6A63} = {14F0EEE3-77C9-429D-80C7-C3ABCF75321D}
		{D9D1291E-33B0-4AB9-AFE7-92C2C5CD1E04} = {ACBEB707-E73E-4510-821A-94F0D23B6A63}
		{450903DB-6110-416A-B757-C2AF508573FE} = {ACBEB707-E73E-4510-821A-94F0D23B6A63}
		{6B6CD468-E0CE-46CC-B5C1-9E48B319BE60} = {ACBEB707-E73E-4510-821A-94F0D23B6A63}
		{309A64BD-84FA-4209-BB89-265AE6291EA4} = {83F89951-E7C2-4494-BD7C-5D3A033376F8}
		{B8704154-EDB7-448E-9844-A4CB45C02548} = {ACBEB707-E73E-4510-821A-94F0D23B6A63}
		{83F89951-E7C2-4494-BD7C-5D3A033376F8} = {14F0EEE3-77C9-429D-80C7-C3ABCF75321D}
		{59425F12-B0F8-4F9D-9AC1-39446BBDB274} = {056DA3E8-6B62-44F2-8301-781FC873C3B5}
		{BA1AB829-F637-4ABA-AB4C-2FB47C58ADED} = {83F89951-E7C2-4494-BD7C-5D3A033376F8}
		{72E591EF-4303-4797-A36B-718753BDFD28} = {83F89951-E7C2-4494-BD7C-5D3A033376F8}
		{E0BE64FC-73D3-4030-9401-D289DE7184F8} = {83F89951-E7C2-4494-BD7C-5D3A033376F8}
	EndGlobalSection
	GlobalSection(ExtensibilityGlobals) = postSolution
		SolutionGuid = {D1883864-AF43-4F53-86F3-E2A286483448}
	EndGlobalSection
EndGlobal
