
Microsoft Visual Studio Solution File, Format Version 12.00
# Visual Studio 15
VisualStudioVersion = 15.0.28307.705
MinimumVisualStudioVersion = 10.0.40219.1
Project("{9A19103F-16F7-4668-BE54-9A1E7A4F7556}") = "Unity.Ipc", "..\..\src\com.unity.ipc\Unity.Ipc.csproj", "{3163D84D-2448-4670-B672-92EEE521F60A}"
EndProject
Project("{9A19103F-16F7-4668-BE54-9A1E7A4F7556}") = "ClientCLI", "ClientCLI\ClientCLI.csproj", "{DFE02A4D-85D7-48E4-8C26-1E733805F7F2}"
EndProject
Project("{9A19103F-16F7-4668-BE54-9A1E7A4F7556}") = "Interfaces", "Interfaces\Interfaces.csproj", "{426A14A9-8C43-4CC0-B8F6-0519C4EDA408}"
EndProject
Project("{9A19103F-16F7-4668-BE54-9A1E7A4F7556}") = "MyClient", "MyClient\MyClient.csproj", "{6366013F-125E-47E2-9F6C-096E734C7A58}"
EndProject
Project("{9A19103F-16F7-4668-BE54-9A1E7A4F7556}") = "Unity.Ipc.Hosted", "..\..\src\Unity.Ipc.Hosted\Unity.Ipc.Hosted.csproj", "{1F7ED936-0A04-45EA-A70B-02F8F01D4E76}"
EndProject
Project("{9A19103F-16F7-4668-BE54-9A1E7A4F7556}") = "Unity.Ipc.Hosted.Client", "..\..\src\Unity.Ipc.Hosted.Client\Unity.Ipc.Hosted.Client.csproj", "{AE73257F-901B-4A15-97B8-4B21C8997B8E}"
EndProject
Global
	GlobalSection(SolutionConfigurationPlatforms) = preSolution
		Debug|Any CPU = Debug|Any CPU
		Release|Any CPU = Release|Any CPU
	EndGlobalSection
	GlobalSection(ProjectConfigurationPlatforms) = postSolution
		{3163D84D-2448-4670-B672-92EEE521F60A}.Debug|Any CPU.ActiveCfg = Debug|Any CPU
		{3163D84D-2448-4670-B672-92EEE521F60A}.Debug|Any CPU.Build.0 = Debug|Any CPU
		{3163D84D-2448-4670-B672-92EEE521F60A}.Release|Any CPU.ActiveCfg = Release|Any CPU
		{3163D84D-2448-4670-B672-92EEE521F60A}.Release|Any CPU.Build.0 = Release|Any CPU
		{DFE02A4D-85D7-48E4-8C26-1E733805F7F2}.Debug|Any CPU.ActiveCfg = Debug|Any CPU
		{DFE02A4D-85D7-48E4-8C26-1E733805F7F2}.Debug|Any CPU.Build.0 = Debug|Any CPU
		{DFE02A4D-85D7-48E4-8C26-1E733805F7F2}.Release|Any CPU.ActiveCfg = Release|Any CPU
		{DFE02A4D-85D7-48E4-8C26-1E733805F7F2}.Release|Any CPU.Build.0 = Release|Any CPU
		{426A14A9-8C43-4CC0-B8F6-0519C4EDA408}.Debug|Any CPU.ActiveCfg = Debug|Any CPU
		{426A14A9-8C43-4CC0-B8F6-0519C4EDA408}.Debug|Any CPU.Build.0 = Debug|Any CPU
		{426A14A9-8C43-4CC0-B8F6-0519C4EDA408}.Release|Any CPU.ActiveCfg = Release|Any CPU
		{426A14A9-8C43-4CC0-B8F6-0519C4EDA408}.Release|Any CPU.Build.0 = Release|Any CPU
		{6366013F-125E-47E2-9F6C-096E734C7A58}.Debug|Any CPU.ActiveCfg = Debug|Any CPU
		{6366013F-125E-47E2-9F6C-096E734C7A58}.Debug|Any CPU.Build.0 = Debug|Any CPU
		{6366013F-125E-47E2-9F6C-096E734C7A58}.Release|Any CPU.ActiveCfg = Release|Any CPU
		{6366013F-125E-47E2-9F6C-096E734C7A58}.Release|Any CPU.Build.0 = Release|Any CPU
		{1F7ED936-0A04-45EA-A70B-02F8F01D4E76}.Debug|Any CPU.ActiveCfg = Debug|Any CPU
		{1F7ED936-0A04-45EA-A70B-02F8F01D4E76}.Debug|Any CPU.Build.0 = Debug|Any CPU
		{1F7ED936-0A04-45EA-A70B-02F8F01D4E76}.Release|Any CPU.ActiveCfg = Release|Any CPU
		{1F7ED936-0A04-45EA-A70B-02F8F01D4E76}.Release|Any CPU.Build.0 = Release|Any CPU
		{AE73257F-901B-4A15-97B8-4B21C8997B8E}.Debug|Any CPU.ActiveCfg = Debug|Any CPU
		{AE73257F-901B-4A15-97B8-4B21C8997B8E}.Debug|Any CPU.Build.0 = Debug|Any CPU
		{AE73257F-901B-4A15-97B8-4B21C8997B8E}.Release|Any CPU.ActiveCfg = Release|Any CPU
		{AE73257F-901B-4A15-97B8-4B21C8997B8E}.Release|Any CPU.Build.0 = Release|Any CPU
	EndGlobalSection
	GlobalSection(SolutionProperties) = preSolution
		HideSolutionNode = FALSE
	EndGlobalSection
	GlobalSection(ExtensibilityGlobals) = postSolution
		SolutionGuid = {D1883864-AF43-4F53-86F3-E2A286483448}
	EndGlobalSection
EndGlobal
