
Microsoft Visual Studio Solution File, Format Version 12.00
# Visual Studio 15
VisualStudioVersion = 15.0.28307.705
MinimumVisualStudioVersion = 10.0.40219.1
Project("{9A19103F-16F7-4668-BE54-9A1E7A4F7556}") = "Unity.Ipc", "..\..\src\com.unity.ipc\Unity.Ipc\Unity.Ipc.csproj", "{EA87DC94-8F04-4FA4-A4E6-D69A41684072}"
EndProject
Project("{9A19103F-16F7-4668-BE54-9A1E7A4F7556}") = "SharedInterfaces", "..\Shared\SharedInterfaces\SharedInterfaces.csproj", "{BA1AB829-F637-4ABA-AB4C-2FB47C58ADED}"
EndProject
Project("{9A19103F-16F7-4668-BE54-9A1E7A4F7556}") = "IpcClientSample", "..\Shared\IpcClientSample\IpcClientSample.csproj", "{6366013F-125E-47E2-9F6C-096E734C7A58}"
EndProject
Project("{9A19103F-16F7-4668-BE54-9A1E7A4F7556}") = "Unity.Ipc.Hosted", "..\..\src\Unity.Ipc.Hosted\Unity.Ipc.Hosted.csproj", "{C4F46B8C-F0FB-41AE-BB8C-5CB8D874259A}"
EndProject
Project("{9A19103F-16F7-4668-BE54-9A1E7A4F7556}") = "HostedClientApp", "HostedClientApp\HostedClientApp.csproj", "{DFE02A4D-85D7-48E4-8C26-1E733805F7F2}"
EndProject
Global
	GlobalSection(SolutionConfigurationPlatforms) = preSolution
		Debug|Any CPU = Debug|Any CPU
		Release|Any CPU = Release|Any CPU
	EndGlobalSection
	GlobalSection(ProjectConfigurationPlatforms) = postSolution
		{EA87DC94-8F04-4FA4-A4E6-D69A41684072}.Debug|Any CPU.ActiveCfg = Debug|Any CPU
		{EA87DC94-8F04-4FA4-A4E6-D69A41684072}.Debug|Any CPU.Build.0 = Debug|Any CPU
		{EA87DC94-8F04-4FA4-A4E6-D69A41684072}.Release|Any CPU.ActiveCfg = Release|Any CPU
		{EA87DC94-8F04-4FA4-A4E6-D69A41684072}.Release|Any CPU.Build.0 = Release|Any CPU
		{DFE02A4D-85D7-48E4-8C26-1E733805F7F2}.Debug|Any CPU.ActiveCfg = Debug|Any CPU
		{DFE02A4D-85D7-48E4-8C26-1E733805F7F2}.Debug|Any CPU.Build.0 = Debug|Any CPU
		{DFE02A4D-85D7-48E4-8C26-1E733805F7F2}.Release|Any CPU.ActiveCfg = Release|Any CPU
		{DFE02A4D-85D7-48E4-8C26-1E733805F7F2}.Release|Any CPU.Build.0 = Release|Any CPU
		{BA1AB829-F637-4ABA-AB4C-2FB47C58ADED}.Debug|Any CPU.ActiveCfg = Debug|Any CPU
		{BA1AB829-F637-4ABA-AB4C-2FB47C58ADED}.Debug|Any CPU.Build.0 = Debug|Any CPU
		{BA1AB829-F637-4ABA-AB4C-2FB47C58ADED}.Release|Any CPU.ActiveCfg = Release|Any CPU
		{BA1AB829-F637-4ABA-AB4C-2FB47C58ADED}.Release|Any CPU.Build.0 = Release|Any CPU
		{6366013F-125E-47E2-9F6C-096E734C7A58}.Debug|Any CPU.ActiveCfg = Debug|Any CPU
		{6366013F-125E-47E2-9F6C-096E734C7A58}.Debug|Any CPU.Build.0 = Debug|Any CPU
		{6366013F-125E-47E2-9F6C-096E734C7A58}.Release|Any CPU.ActiveCfg = Release|Any CPU
		{6366013F-125E-47E2-9F6C-096E734C7A58}.Release|Any CPU.Build.0 = Release|Any CPU
		{C4F46B8C-F0FB-41AE-BB8C-5CB8D874259A}.Debug|Any CPU.ActiveCfg = Debug|Any CPU
		{C4F46B8C-F0FB-41AE-BB8C-5CB8D874259A}.Debug|Any CPU.Build.0 = Debug|Any CPU
		{C4F46B8C-F0FB-41AE-BB8C-5CB8D874259A}.Release|Any CPU.ActiveCfg = Release|Any CPU
		{C4F46B8C-F0FB-41AE-BB8C-5CB8D874259A}.Release|Any CPU.Build.0 = Release|Any CPU
		{6558A3BD-117F-48B5-9357-F796FFE059C4}.Debug|Any CPU.ActiveCfg = Debug|Any CPU
		{6558A3BD-117F-48B5-9357-F796FFE059C4}.Debug|Any CPU.Build.0 = Debug|Any CPU
		{6558A3BD-117F-48B5-9357-F796FFE059C4}.Release|Any CPU.ActiveCfg = Release|Any CPU
		{6558A3BD-117F-48B5-9357-F796FFE059C4}.Release|Any CPU.Build.0 = Release|Any CPU
	EndGlobalSection
	GlobalSection(SolutionProperties) = preSolution
		HideSolutionNode = FALSE
	EndGlobalSection
	GlobalSection(ExtensibilityGlobals) = postSolution
		SolutionGuid = {D1883864-AF43-4F53-86F3-E2A286483448}
	EndGlobalSection
EndGlobal
